// !$*UTF8*$!
{
	archiveVersion = 1;
	classes = {
	};
	objectVersion = 55;
	objects = {

/* Begin PBXBuildFile section */
		546900827EFDE7113D9F1800 /* Pods_LumeSnapchat.framework in Frameworks */ = {isa = PBXBuildFile; fileRef = C96F38D486C3B3E87DAF21A4 /* Pods_LumeSnapchat.framework */; };
		8737218F2A27CD9300C0BB8B /* GoogleService-Info.plist in Resources */ = {isa = PBXBuildFile; fileRef = 8737218E2A27CD9300C0BB8B /* GoogleService-Info.plist */; };
		873721922A27D04700C0BB8B /* GoogleSignIn in Frameworks */ = {isa = PBXBuildFile; productRef = 873721912A27D04700C0BB8B /* GoogleSignIn */; };
		873721942A27D04700C0BB8B /* GoogleSignInSwift in Frameworks */ = {isa = PBXBuildFile; productRef = 873721932A27D04700C0BB8B /* GoogleSignInSwift */; };
		873721B92A27DD1800C0BB8B /* GoogleSignIn in Frameworks */ = {isa = PBXBuildFile; productRef = 873721B82A27DD1800C0BB8B /* GoogleSignIn */; };
		873721BB2A27DD1800C0BB8B /* GoogleSignInSwift in Frameworks */ = {isa = PBXBuildFile; productRef = 873721BA2A27DD1800C0BB8B /* GoogleSignInSwift */; };
		875BF3662A2790B900A27B33 /* AppDelegate.swift in Sources */ = {isa = PBXBuildFile; fileRef = 875BF3652A2790B900A27B33 /* AppDelegate.swift */; };
		875BF3682A2790B900A27B33 /* SceneDelegate.swift in Sources */ = {isa = PBXBuildFile; fileRef = 875BF3672A2790B900A27B33 /* SceneDelegate.swift */; };
		875BF36A2A2790B900A27B33 /* iniciarSesionViewController.swift in Sources */ = {isa = PBXBuildFile; fileRef = 875BF3692A2790B900A27B33 /* iniciarSesionViewController.swift */; };
		875BF36D2A2790B900A27B33 /* Main.storyboard in Resources */ = {isa = PBXBuildFile; fileRef = 875BF36B2A2790B900A27B33 /* Main.storyboard */; };
		875BF36F2A2790BA00A27B33 /* Assets.xcassets in Resources */ = {isa = PBXBuildFile; fileRef = 875BF36E2A2790BA00A27B33 /* Assets.xcassets */; };
		875BF3722A2790BA00A27B33 /* LaunchScreen.storyboard in Resources */ = {isa = PBXBuildFile; fileRef = 875BF3702A2790BA00A27B33 /* LaunchScreen.storyboard */; };
		87864F472A27E00E00BB2EAA /* GoogleSignIn in Frameworks */ = {isa = PBXBuildFile; productRef = 87864F462A27E00E00BB2EAA /* GoogleSignIn */; };
		87864F492A27E00E00BB2EAA /* GoogleSignInSwift in Frameworks */ = {isa = PBXBuildFile; productRef = 87864F482A27E00E00BB2EAA /* GoogleSignInSwift */; };
/* End PBXBuildFile section */

/* Begin PBXFileReference section */
		8737218E2A27CD9300C0BB8B /* GoogleService-Info.plist */ = {isa = PBXFileReference; fileEncoding = 4; lastKnownFileType = text.plist.xml; path = "GoogleService-Info.plist"; sourceTree = "<group>"; };
		875BF3622A2790B900A27B33 /* LumeSnapchat.app */ = {isa = PBXFileReference; explicitFileType = wrapper.application; includeInIndex = 0; path = LumeSnapchat.app; sourceTree = BUILT_PRODUCTS_DIR; };
		875BF3652A2790B900A27B33 /* AppDelegate.swift */ = {isa = PBXFileReference; lastKnownFileType = sourcecode.swift; path = AppDelegate.swift; sourceTree = "<group>"; };
		875BF3672A2790B900A27B33 /* SceneDelegate.swift */ = {isa = PBXFileReference; lastKnownFileType = sourcecode.swift; path = SceneDelegate.swift; sourceTree = "<group>"; };
		875BF3692A2790B900A27B33 /* iniciarSesionViewController.swift */ = {isa = PBXFileReference; lastKnownFileType = sourcecode.swift; path = iniciarSesionViewController.swift; sourceTree = "<group>"; };
		875BF36C2A2790B900A27B33 /* Base */ = {isa = PBXFileReference; lastKnownFileType = file.storyboard; name = Base; path = Base.lproj/Main.storyboard; sourceTree = "<group>"; };
		875BF36E2A2790BA00A27B33 /* Assets.xcassets */ = {isa = PBXFileReference; lastKnownFileType = folder.assetcatalog; path = Assets.xcassets; sourceTree = "<group>"; };
		875BF3712A2790BA00A27B33 /* Base */ = {isa = PBXFileReference; lastKnownFileType = file.storyboard; name = Base; path = Base.lproj/LaunchScreen.storyboard; sourceTree = "<group>"; };
		875BF3732A2790BA00A27B33 /* Info.plist */ = {isa = PBXFileReference; lastKnownFileType = text.plist.xml; path = Info.plist; sourceTree = "<group>"; };
		A35E03ACAB632E5664740790 /* Pods-LumeSnapchat.debug.xcconfig */ = {isa = PBXFileReference; includeInIndex = 1; lastKnownFileType = text.xcconfig; name = "Pods-LumeSnapchat.debug.xcconfig"; path = "Target Support Files/Pods-LumeSnapchat/Pods-LumeSnapchat.debug.xcconfig"; sourceTree = "<group>"; };
		AF81C8106E5465201F84EAE0 /* Pods-LumeSnapchat.release.xcconfig */ = {isa = PBXFileReference; includeInIndex = 1; lastKnownFileType = text.xcconfig; name = "Pods-LumeSnapchat.release.xcconfig"; path = "Target Support Files/Pods-LumeSnapchat/Pods-LumeSnapchat.release.xcconfig"; sourceTree = "<group>"; };
		C96F38D486C3B3E87DAF21A4 /* Pods_LumeSnapchat.framework */ = {isa = PBXFileReference; explicitFileType = wrapper.framework; includeInIndex = 0; path = Pods_LumeSnapchat.framework; sourceTree = BUILT_PRODUCTS_DIR; };
/* End PBXFileReference section */

/* Begin PBXFrameworksBuildPhase section */
		875BF35F2A2790B900A27B33 /* Frameworks */ = {
			isa = PBXFrameworksBuildPhase;
			buildActionMask = 2147483647;
			files = (
				873721BB2A27DD1800C0BB8B /* GoogleSignInSwift in Frameworks */,
				873721942A27D04700C0BB8B /* GoogleSignInSwift in Frameworks */,
				87864F492A27E00E00BB2EAA /* GoogleSignInSwift in Frameworks */,
				873721B92A27DD1800C0BB8B /* GoogleSignIn in Frameworks */,
				546900827EFDE7113D9F1800 /* Pods_LumeSnapchat.framework in Frameworks */,
				873721922A27D04700C0BB8B /* GoogleSignIn in Frameworks */,
				87864F472A27E00E00BB2EAA /* GoogleSignIn in Frameworks */,
			);
			runOnlyForDeploymentPostprocessing = 0;
		};
/* End PBXFrameworksBuildPhase section */

/* Begin PBXGroup section */
		875BF3592A2790B800A27B33 = {
			isa = PBXGroup;
			children = (
				875BF3642A2790B900A27B33 /* LumeSnapchat */,
				875BF3632A2790B900A27B33 /* Products */,
				9891DDC8A25A870235C4F2E8 /* Pods */,
				F71E6B6DD6B69F7F9A94EF56 /* Frameworks */,
			);
			sourceTree = "<group>";
		};
		875BF3632A2790B900A27B33 /* Products */ = {
			isa = PBXGroup;
			children = (
				875BF3622A2790B900A27B33 /* LumeSnapchat.app */,
			);
			name = Products;
			sourceTree = "<group>";
		};
		875BF3642A2790B900A27B33 /* LumeSnapchat */ = {
			isa = PBXGroup;
			children = (
				8737218E2A27CD9300C0BB8B /* GoogleService-Info.plist */,
				875BF3652A2790B900A27B33 /* AppDelegate.swift */,
				875BF3672A2790B900A27B33 /* SceneDelegate.swift */,
				875BF3692A2790B900A27B33 /* iniciarSesionViewController.swift */,
				875BF36B2A2790B900A27B33 /* Main.storyboard */,
				875BF36E2A2790BA00A27B33 /* Assets.xcassets */,
				875BF3702A2790BA00A27B33 /* LaunchScreen.storyboard */,
				875BF3732A2790BA00A27B33 /* Info.plist */,
			);
			path = LumeSnapchat;
			sourceTree = "<group>";
		};
		9891DDC8A25A870235C4F2E8 /* Pods */ = {
			isa = PBXGroup;
			children = (
				A35E03ACAB632E5664740790 /* Pods-LumeSnapchat.debug.xcconfig */,
				AF81C8106E5465201F84EAE0 /* Pods-LumeSnapchat.release.xcconfig */,
			);
			path = Pods;
			sourceTree = "<group>";
		};
		F71E6B6DD6B69F7F9A94EF56 /* Frameworks */ = {
			isa = PBXGroup;
			children = (
				C96F38D486C3B3E87DAF21A4 /* Pods_LumeSnapchat.framework */,
			);
			name = Frameworks;
			sourceTree = "<group>";
		};
/* End PBXGroup section */

/* Begin PBXNativeTarget section */
		875BF3612A2790B900A27B33 /* LumeSnapchat */ = {
			isa = PBXNativeTarget;
			buildConfigurationList = 875BF3762A2790BA00A27B33 /* Build configuration list for PBXNativeTarget "LumeSnapchat" */;
			buildPhases = (
				9188E73451A35C0BBC333E4A /* [CP] Check Pods Manifest.lock */,
				875BF35E2A2790B900A27B33 /* Sources */,
				875BF35F2A2790B900A27B33 /* Frameworks */,
				875BF3602A2790B900A27B33 /* Resources */,
				6DBF4F13EC228A3F4BB3DEEA /* [CP] Embed Pods Frameworks */,
			);
			buildRules = (
			);
			dependencies = (
			);
			name = LumeSnapchat;
			packageProductDependencies = (
				873721912A27D04700C0BB8B /* GoogleSignIn */,
				873721932A27D04700C0BB8B /* GoogleSignInSwift */,
				873721B82A27DD1800C0BB8B /* GoogleSignIn */,
				873721BA2A27DD1800C0BB8B /* GoogleSignInSwift */,
				87864F462A27E00E00BB2EAA /* GoogleSignIn */,
				87864F482A27E00E00BB2EAA /* GoogleSignInSwift */,
			);
			productName = LumeSnapchat;
			productReference = 875BF3622A2790B900A27B33 /* LumeSnapchat.app */;
			productType = "com.apple.product-type.application";
		};
/* End PBXNativeTarget section */

/* Begin PBXProject section */
		875BF35A2A2790B800A27B33 /* Project object */ = {
			isa = PBXProject;
			attributes = {
				BuildIndependentTargetsInParallel = 1;
				LastSwiftUpdateCheck = 1340;
				LastUpgradeCheck = 1340;
				TargetAttributes = {
					875BF3612A2790B900A27B33 = {
						CreatedOnToolsVersion = 13.4.1;
					};
				};
			};
			buildConfigurationList = 875BF35D2A2790B800A27B33 /* Build configuration list for PBXProject "LumeSnapchat" */;
			compatibilityVersion = "Xcode 13.0";
			developmentRegion = en;
			hasScannedForEncodings = 0;
			knownRegions = (
				en,
				Base,
			);
			mainGroup = 875BF3592A2790B800A27B33;
			packageReferences = (
				873721902A27D04700C0BB8B /* XCRemoteSwiftPackageReference "GoogleSignIn-iOS" */,
				873721B72A27DD1800C0BB8B /* XCRemoteSwiftPackageReference "GoogleSignIn-iOS" */,
				87864F452A27E00E00BB2EAA /* XCRemoteSwiftPackageReference "GoogleSignIn-iOS" */,
			);
			productRefGroup = 875BF3632A2790B900A27B33 /* Products */;
			projectDirPath = "";
			projectRoot = "";
			targets = (
				875BF3612A2790B900A27B33 /* LumeSnapchat */,
			);
		};
/* End PBXProject section */

/* Begin PBXResourcesBuildPhase section */
		875BF3602A2790B900A27B33 /* Resources */ = {
			isa = PBXResourcesBuildPhase;
			buildActionMask = 2147483647;
			files = (
				875BF3722A2790BA00A27B33 /* LaunchScreen.storyboard in Resources */,
				8737218F2A27CD9300C0BB8B /* GoogleService-Info.plist in Resources */,
				875BF36F2A2790BA00A27B33 /* Assets.xcassets in Resources */,
				875BF36D2A2790B900A27B33 /* Main.storyboard in Resources */,
			);
			runOnlyForDeploymentPostprocessing = 0;
		};
/* End PBXResourcesBuildPhase section */

/* Begin PBXShellScriptBuildPhase section */
		6DBF4F13EC228A3F4BB3DEEA /* [CP] Embed Pods Frameworks */ = {
			isa = PBXShellScriptBuildPhase;
			buildActionMask = 2147483647;
			files = (
			);
			inputFileListPaths = (
				"${PODS_ROOT}/Target Support Files/Pods-LumeSnapchat/Pods-LumeSnapchat-frameworks-${CONFIGURATION}-input-files.xcfilelist",
			);
			name = "[CP] Embed Pods Frameworks";
			outputFileListPaths = (
				"${PODS_ROOT}/Target Support Files/Pods-LumeSnapchat/Pods-LumeSnapchat-frameworks-${CONFIGURATION}-output-files.xcfilelist",
			);
			runOnlyForDeploymentPostprocessing = 0;
			shellPath = /bin/sh;
			shellScript = "\"${PODS_ROOT}/Target Support Files/Pods-LumeSnapchat/Pods-LumeSnapchat-frameworks.sh\"\n";
			showEnvVarsInLog = 0;
		};
		9188E73451A35C0BBC333E4A /* [CP] Check Pods Manifest.lock */ = {
			isa = PBXShellScriptBuildPhase;
			buildActionMask = 2147483647;
			files = (
			);
			inputFileListPaths = (
			);
			inputPaths = (
				"${PODS_PODFILE_DIR_PATH}/Podfile.lock",
				"${PODS_ROOT}/Manifest.lock",
			);
			name = "[CP] Check Pods Manifest.lock";
			outputFileListPaths = (
			);
			outputPaths = (
				"$(DERIVED_FILE_DIR)/Pods-LumeSnapchat-checkManifestLockResult.txt",
			);
			runOnlyForDeploymentPostprocessing = 0;
			shellPath = /bin/sh;
			shellScript = "diff \"${PODS_PODFILE_DIR_PATH}/Podfile.lock\" \"${PODS_ROOT}/Manifest.lock\" > /dev/null\nif [ $? != 0 ] ; then\n    # print error to STDERR\n    echo \"error: The sandbox is not in sync with the Podfile.lock. Run 'pod install' or update your CocoaPods installation.\" >&2\n    exit 1\nfi\n# This output is used by Xcode 'outputs' to avoid re-running this script phase.\necho \"SUCCESS\" > \"${SCRIPT_OUTPUT_FILE_0}\"\n";
			showEnvVarsInLog = 0;
		};
/* End PBXShellScriptBuildPhase section */

/* Begin PBXSourcesBuildPhase section */
		875BF35E2A2790B900A27B33 /* Sources */ = {
			isa = PBXSourcesBuildPhase;
			buildActionMask = 2147483647;
			files = (
				875BF36A2A2790B900A27B33 /* iniciarSesionViewController.swift in Sources */,
				875BF3662A2790B900A27B33 /* AppDelegate.swift in Sources */,
				875BF3682A2790B900A27B33 /* SceneDelegate.swift in Sources */,
			);
			runOnlyForDeploymentPostprocessing = 0;
		};
/* End PBXSourcesBuildPhase section */

/* Begin PBXVariantGroup section */
		875BF36B2A2790B900A27B33 /* Main.storyboard */ = {
			isa = PBXVariantGroup;
			children = (
				875BF36C2A2790B900A27B33 /* Base */,
			);
			name = Main.storyboard;
			sourceTree = "<group>";
		};
		875BF3702A2790BA00A27B33 /* LaunchScreen.storyboard */ = {
			isa = PBXVariantGroup;
			children = (
				875BF3712A2790BA00A27B33 /* Base */,
			);
			name = LaunchScreen.storyboard;
			sourceTree = "<group>";
		};
/* End PBXVariantGroup section */

/* Begin XCBuildConfiguration section */
		875BF3742A2790BA00A27B33 /* Debug */ = {
			isa = XCBuildConfiguration;
			buildSettings = {
				ALWAYS_SEARCH_USER_PATHS = NO;
				CLANG_ANALYZER_NONNULL = YES;
				CLANG_ANALYZER_NUMBER_OBJECT_CONVERSION = YES_AGGRESSIVE;
				CLANG_CXX_LANGUAGE_STANDARD = "gnu++17";
				CLANG_ENABLE_MODULES = YES;
				CLANG_ENABLE_OBJC_ARC = YES;
				CLANG_ENABLE_OBJC_WEAK = YES;
				CLANG_WARN_BLOCK_CAPTURE_AUTORELEASING = YES;
				CLANG_WARN_BOOL_CONVERSION = YES;
				CLANG_WARN_COMMA = YES;
				CLANG_WARN_CONSTANT_CONVERSION = YES;
				CLANG_WARN_DEPRECATED_OBJC_IMPLEMENTATIONS = YES;
				CLANG_WARN_DIRECT_OBJC_ISA_USAGE = YES_ERROR;
				CLANG_WARN_DOCUMENTATION_COMMENTS = YES;
				CLANG_WARN_EMPTY_BODY = YES;
				CLANG_WARN_ENUM_CONVERSION = YES;
				CLANG_WARN_INFINITE_RECURSION = YES;
				CLANG_WARN_INT_CONVERSION = YES;
				CLANG_WARN_NON_LITERAL_NULL_CONVERSION = YES;
				CLANG_WARN_OBJC_IMPLICIT_RETAIN_SELF = YES;
				CLANG_WARN_OBJC_LITERAL_CONVERSION = YES;
				CLANG_WARN_OBJC_ROOT_CLASS = YES_ERROR;
				CLANG_WARN_QUOTED_INCLUDE_IN_FRAMEWORK_HEADER = YES;
				CLANG_WARN_RANGE_LOOP_ANALYSIS = YES;
				CLANG_WARN_STRICT_PROTOTYPES = YES;
				CLANG_WARN_SUSPICIOUS_MOVE = YES;
				CLANG_WARN_UNGUARDED_AVAILABILITY = YES_AGGRESSIVE;
				CLANG_WARN_UNREACHABLE_CODE = YES;
				CLANG_WARN__DUPLICATE_METHOD_MATCH = YES;
				COPY_PHASE_STRIP = NO;
				DEBUG_INFORMATION_FORMAT = dwarf;
				ENABLE_STRICT_OBJC_MSGSEND = YES;
				ENABLE_TESTABILITY = YES;
				GCC_C_LANGUAGE_STANDARD = gnu11;
				GCC_DYNAMIC_NO_PIC = NO;
				GCC_NO_COMMON_BLOCKS = YES;
				GCC_OPTIMIZATION_LEVEL = 0;
				GCC_PREPROCESSOR_DEFINITIONS = (
					"DEBUG=1",
					"$(inherited)",
				);
				GCC_WARN_64_TO_32_BIT_CONVERSION = YES;
				GCC_WARN_ABOUT_RETURN_TYPE = YES_ERROR;
				GCC_WARN_UNDECLARED_SELECTOR = YES;
				GCC_WARN_UNINITIALIZED_AUTOS = YES_AGGRESSIVE;
				GCC_WARN_UNUSED_FUNCTION = YES;
				GCC_WARN_UNUSED_VARIABLE = YES;
				IPHONEOS_DEPLOYMENT_TARGET = 15.5;
				MTL_ENABLE_DEBUG_INFO = INCLUDE_SOURCE;
				MTL_FAST_MATH = YES;
				ONLY_ACTIVE_ARCH = YES;
				SDKROOT = iphoneos;
				SWIFT_ACTIVE_COMPILATION_CONDITIONS = DEBUG;
				SWIFT_OPTIMIZATION_LEVEL = "-Onone";
			};
			name = Debug;
		};
		875BF3752A2790BA00A27B33 /* Release */ = {
			isa = XCBuildConfiguration;
			buildSettings = {
				ALWAYS_SEARCH_USER_PATHS = NO;
				CLANG_ANALYZER_NONNULL = YES;
				CLANG_ANALYZER_NUMBER_OBJECT_CONVERSION = YES_AGGRESSIVE;
				CLANG_CXX_LANGUAGE_STANDARD = "gnu++17";
				CLANG_ENABLE_MODULES = YES;
				CLANG_ENABLE_OBJC_ARC = YES;
				CLANG_ENABLE_OBJC_WEAK = YES;
				CLANG_WARN_BLOCK_CAPTURE_AUTORELEASING = YES;
				CLANG_WARN_BOOL_CONVERSION = YES;
				CLANG_WARN_COMMA = YES;
				CLANG_WARN_CONSTANT_CONVERSION = YES;
				CLANG_WARN_DEPRECATED_OBJC_IMPLEMENTATIONS = YES;
				CLANG_WARN_DIRECT_OBJC_ISA_USAGE = YES_ERROR;
				CLANG_WARN_DOCUMENTATION_COMMENTS = YES;
				CLANG_WARN_EMPTY_BODY = YES;
				CLANG_WARN_ENUM_CONVERSION = YES;
				CLANG_WARN_INFINITE_RECURSION = YES;
				CLANG_WARN_INT_CONVERSION = YES;
				CLANG_WARN_NON_LITERAL_NULL_CONVERSION = YES;
				CLANG_WARN_OBJC_IMPLICIT_RETAIN_SELF = YES;
				CLANG_WARN_OBJC_LITERAL_CONVERSION = YES;
				CLANG_WARN_OBJC_ROOT_CLASS = YES_ERROR;
				CLANG_WARN_QUOTED_INCLUDE_IN_FRAMEWORK_HEADER = YES;
				CLANG_WARN_RANGE_LOOP_ANALYSIS = YES;
				CLANG_WARN_STRICT_PROTOTYPES = YES;
				CLANG_WARN_SUSPICIOUS_MOVE = YES;
				CLANG_WARN_UNGUARDED_AVAILABILITY = YES_AGGRESSIVE;
				CLANG_WARN_UNREACHABLE_CODE = YES;
				CLANG_WARN__DUPLICATE_METHOD_MATCH = YES;
				COPY_PHASE_STRIP = NO;
				DEBUG_INFORMATION_FORMAT = "dwarf-with-dsym";
				ENABLE_NS_ASSERTIONS = NO;
				ENABLE_STRICT_OBJC_MSGSEND = YES;
				GCC_C_LANGUAGE_STANDARD = gnu11;
				GCC_NO_COMMON_BLOCKS = YES;
				GCC_WARN_64_TO_32_BIT_CONVERSION = YES;
				GCC_WARN_ABOUT_RETURN_TYPE = YES_ERROR;
				GCC_WARN_UNDECLARED_SELECTOR = YES;
				GCC_WARN_UNINITIALIZED_AUTOS = YES_AGGRESSIVE;
				GCC_WARN_UNUSED_FUNCTION = YES;
				GCC_WARN_UNUSED_VARIABLE = YES;
				IPHONEOS_DEPLOYMENT_TARGET = 15.5;
				MTL_ENABLE_DEBUG_INFO = NO;
				MTL_FAST_MATH = YES;
				SDKROOT = iphoneos;
				SWIFT_COMPILATION_MODE = wholemodule;
				SWIFT_OPTIMIZATION_LEVEL = "-O";
				VALIDATE_PRODUCT = YES;
			};
			name = Release;
		};
		875BF3772A2790BA00A27B33 /* Debug */ = {
			isa = XCBuildConfiguration;
			baseConfigurationReference = A35E03ACAB632E5664740790 /* Pods-LumeSnapchat.debug.xcconfig */;
			buildSettings = {
				ASSETCATALOG_COMPILER_APPICON_NAME = AppIcon;
				ASSETCATALOG_COMPILER_GLOBAL_ACCENT_COLOR_NAME = AccentColor;
				CODE_SIGN_STYLE = Automatic;
				CURRENT_PROJECT_VERSION = 1;
				GENERATE_INFOPLIST_FILE = YES;
				INFOPLIST_FILE = LumeSnapchat/Info.plist;
				INFOPLIST_KEY_UIApplicationSupportsIndirectInputEvents = YES;
				INFOPLIST_KEY_UILaunchStoryboardName = LaunchScreen;
				INFOPLIST_KEY_UIMainStoryboardFile = Main;
				INFOPLIST_KEY_UISupportedInterfaceOrientations_iPad = "UIInterfaceOrientationPortrait UIInterfaceOrientationPortraitUpsideDown UIInterfaceOrientationLandscapeLeft UIInterfaceOrientationLandscapeRight";
				INFOPLIST_KEY_UISupportedInterfaceOrientations_iPhone = "UIInterfaceOrientationPortrait UIInterfaceOrientationLandscapeLeft UIInterfaceOrientationLandscapeRight";
				LD_RUNPATH_SEARCH_PATHS = (
					"$(inherited)",
					"@executable_path/Frameworks",
				);
				MARKETING_VERSION = 1.0;
				PRODUCT_BUNDLE_IDENTIFIER = empresa.LumeSnapchat;
				PRODUCT_NAME = "$(TARGET_NAME)";
				SWIFT_EMIT_LOC_STRINGS = YES;
				SWIFT_VERSION = 5.0;
				TARGETED_DEVICE_FAMILY = "1,2";
			};
			name = Debug;
		};
		875BF3782A2790BA00A27B33 /* Release */ = {
			isa = XCBuildConfiguration;
			baseConfigurationReference = AF81C8106E5465201F84EAE0 /* Pods-LumeSnapchat.release.xcconfig */;
			buildSettings = {
				ASSETCATALOG_COMPILER_APPICON_NAME = AppIcon;
				ASSETCATALOG_COMPILER_GLOBAL_ACCENT_COLOR_NAME = AccentColor;
				CODE_SIGN_STYLE = Automatic;
				CURRENT_PROJECT_VERSION = 1;
				GENERATE_INFOPLIST_FILE = YES;
				INFOPLIST_FILE = LumeSnapchat/Info.plist;
				INFOPLIST_KEY_UIApplicationSupportsIndirectInputEvents = YES;
				INFOPLIST_KEY_UILaunchStoryboardName = LaunchScreen;
				INFOPLIST_KEY_UIMainStoryboardFile = Main;
				INFOPLIST_KEY_UISupportedInterfaceOrientations_iPad = "UIInterfaceOrientationPortrait UIInterfaceOrientationPortraitUpsideDown UIInterfaceOrientationLandscapeLeft UIInterfaceOrientationLandscapeRight";
				INFOPLIST_KEY_UISupportedInterfaceOrientations_iPhone = "UIInterfaceOrientationPortrait UIInterfaceOrientationLandscapeLeft UIInterfaceOrientationLandscapeRight";
				LD_RUNPATH_SEARCH_PATHS = (
					"$(inherited)",
					"@executable_path/Frameworks",
				);
				MARKETING_VERSION = 1.0;
				PRODUCT_BUNDLE_IDENTIFIER = empresa.LumeSnapchat;
				PRODUCT_NAME = "$(TARGET_NAME)";
				SWIFT_EMIT_LOC_STRINGS = YES;
				SWIFT_VERSION = 5.0;
				TARGETED_DEVICE_FAMILY = "1,2";
			};
			name = Release;
		};
/* End XCBuildConfiguration section */

/* Begin XCConfigurationList section */
		875BF35D2A2790B800A27B33 /* Build configuration list for PBXProject "LumeSnapchat" */ = {
			isa = XCConfigurationList;
			buildConfigurations = (
				875BF3742A2790BA00A27B33 /* Debug */,
				875BF3752A2790BA00A27B33 /* Release */,
			);
			defaultConfigurationIsVisible = 0;
			defaultConfigurationName = Release;
		};
		875BF3762A2790BA00A27B33 /* Build configuration list for PBXNativeTarget "LumeSnapchat" */ = {
			isa = XCConfigurationList;
			buildConfigurations = (
				875BF3772A2790BA00A27B33 /* Debug */,
				875BF3782A2790BA00A27B33 /* Release */,
			);
			defaultConfigurationIsVisible = 0;
			defaultConfigurationName = Release;
		};
/* End XCConfigurationList section */

/* Begin XCRemoteSwiftPackageReference section */
		873721902A27D04700C0BB8B /* XCRemoteSwiftPackageReference "GoogleSignIn-iOS" */ = {
			isa = XCRemoteSwiftPackageReference;
			repositoryURL = "https://github.com/google/GoogleSignIn-iOS.git";
			requirement = {
				kind = upToNextMajorVersion;
				minimumVersion = 7.0.0;
			};
		};
		873721B72A27DD1800C0BB8B /* XCRemoteSwiftPackageReference "GoogleSignIn-iOS" */ = {
			isa = XCRemoteSwiftPackageReference;
			repositoryURL = "https://github.com/google/GoogleSignIn-iOS.git";
			requirement = {
				branch = main;
				kind = branch;
			};
		};
		87864F452A27E00E00BB2EAA /* XCRemoteSwiftPackageReference "GoogleSignIn-iOS" */ = {
			isa = XCRemoteSwiftPackageReference;
			repositoryURL = "https://github.com/google/GoogleSignIn-iOS.git";
			requirement = {
				kind = upToNextMajorVersion;
				minimumVersion = 7.0.0;
			};
		};
/* End XCRemoteSwiftPackageReference section */

/* Begin XCSwiftPackageProductDependency section */
		873721912A27D04700C0BB8B /* GoogleSignIn */ = {
			isa = XCSwiftPackageProductDependency;
			package = 873721902A27D04700C0BB8B /* XCRemoteSwiftPackageReference "GoogleSignIn-iOS" */;
			productName = GoogleSignIn;
		};
		873721932A27D04700C0BB8B /* GoogleSignInSwift */ = {
			isa = XCSwiftPackageProductDependency;
			package = 873721902A27D04700C0BB8B /* XCRemoteSwiftPackageReference "GoogleSignIn-iOS" */;
			productName = GoogleSignInSwift;
		};
		873721B82A27DD1800C0BB8B /* GoogleSignIn */ = {
			isa = XCSwiftPackageProductDependency;
			package = 873721B72A27DD1800C0BB8B /* XCRemoteSwiftPackageReference "GoogleSignIn-iOS" */;
			productName = GoogleSignIn;
		};
		873721BA2A27DD1800C0BB8B /* GoogleSignInSwift */ = {
			isa = XCSwiftPackageProductDependency;
			package = 873721B72A27DD1800C0BB8B /* XCRemoteSwiftPackageReference "GoogleSignIn-iOS" */;
			productName = GoogleSignInSwift;
		};
		87864F462A27E00E00BB2EAA /* GoogleSignIn */ = {
			isa = XCSwiftPackageProductDependency;
			package = 873721902A27D04700C0BB8B /* XCRemoteSwiftPackageReference "GoogleSignIn-iOS" */;
			productName = GoogleSignIn;
		};
		87864F482A27E00E00BB2EAA /* GoogleSignInSwift */ = {
			isa = XCSwiftPackageProductDependency;
			package = 873721902A27D04700C0BB8B /* XCRemoteSwiftPackageReference "GoogleSignIn-iOS" */;
			productName = GoogleSignInSwift;
		};
/* End XCSwiftPackageProductDependency section */
	};
	rootObject = 875BF35A2A2790B800A27B33 /* Project object */;
}
